hash: 70700e6eebc5ec9d3d584c94c744ec8d81f8addc42ca3ea16cced8c252061f36
updated: 2017-03-09T11:15:16.631195072+01:00
imports:
- name: github.com/boltdb/bolt
  version: e9cf4fae01b5a8ff89d0ec6b32f0d9c9f79aefdd
- name: github.com/gogo/protobuf
  version: 909568be09de550ed094403c2bf8a261b5bb730a
  subpackages:
  - gogoproto
  - proto
  - protoc-gen-gogo/descriptor
- name: github.com/golang/protobuf
  version: c9c7427a2a70d2eb3bafa0ab2dc163e45f143317
  subpackages:
  - proto
- name: github.com/hashicorp/go-immutable-radix
  version: 30664b879c9a771d8d50b137ab80ee0748cb2fcc
- name: github.com/hashicorp/golang-lru
  version: 0a025b7e63adc15a622f29b0b2c4c3848243bbf6
  subpackages:
  - simplelru
- name: github.com/relab/gorums
  version: 8ed594959a32dc96b3580859f3350a7599c45cc1
- name: github.com/relab/raft
  version: b4eb26171a47206bd4ebbcb837054ab1a72cfdfb
  subpackages:
  - commonpb
  - raftgorums
  - raftgorums/gorumspb
  - raftgorums/raftpb
- name: github.com/Sirupsen/logrus
  version: 1deb2db2a6fff8a35532079061b903c3a25eed52
- name: golang.org/x/net
  version: 4971afdc2f162e82d185353533d3cf16188a9f4e
  subpackages:
  - context
  - http2
  - http2/hpack
  - idna
  - internal/timeseries
  - lex/httplex
  - trace
- name: golang.org/x/sys
  version: 99f16d856c9836c42d24e7ab64ea72916925fa97
  subpackages:
  - unix
- name: google.golang.org/grpc
  version: 708a7f9f3283aa2d4f6132d287d78683babe55c8
  subpackages:
  - codes
  - credentials
  - grpclog
  - internal
  - metadata
  - naming
  - peer
  - stats
  - tap
  - transport
testImports: []
