hash: 1b47ed82cf8858aaf8997c7559be746f5548d1c155c959675316e9dbeefaa0f3
updated: 2017-03-09T15:44:34.947829424+01:00
imports:
- name: github.com/boltdb/bolt
  version: e9cf4fae01b5a8ff89d0ec6b32f0d9c9f79aefdd
- name: github.com/gogo/protobuf
  version: 100ba4e885062801d56799d78530b73b178a78f3
  subpackages:
  - gogoproto
  - proto
  - protoc-gen-gogo/descriptor
- name: github.com/golang/protobuf
  version: c9c7427a2a70d2eb3bafa0ab2dc163e45f143317
  subpackages:
  - proto
- name: github.com/hashicorp/go-immutable-radix
  version: 30664b879c9a771d8d50b137ab80ee0748cb2fcc
- name: github.com/hashicorp/golang-lru
  version: 0a025b7e63adc15a622f29b0b2c4c3848243bbf6
  subpackages:
  - simplelru
- name: github.com/relab/gorums
  version: 8ed594959a32dc96b3580859f3350a7599c45cc1
- name: github.com/relab/raft
  version: b12e70ccc81a3047f80182b0a8bb975a716fcb7b
  subpackages:
  - commonpb
  - raftgorums
  - raftgorums/gorumspb
  - raftgorums/raftpb
- name: github.com/Sirupsen/logrus
  version: 0208149b40d863d2c1a2f8fe5753096a9cf2cc8b
- name: golang.org/x/net
  version: a6577fac2d73be281a500b310739095313165611
  subpackages:
  - context
  - http2
  - http2/hpack
  - idna
  - internal/timeseries
  - lex/httplex
  - trace
- name: golang.org/x/sys
  version: 99f16d856c9836c42d24e7ab64ea72916925fa97
  subpackages:
  - unix
- name: google.golang.org/grpc
  version: 708a7f9f3283aa2d4f6132d287d78683babe55c8
  subpackages:
  - codes
  - credentials
  - grpclog
  - internal
  - metadata
  - naming
  - peer
  - stats
  - tap
  - transport
testImports: []
